
Microsoft Visual Studio Solution File, Format Version 12.00
# Visual Studio 15
VisualStudioVersion = 15.0.28307.1340
MinimumVisualStudioVersion = 10.0.40219.1
Project("{E24C65DC-7377-472B-9ABA-BC803B73C61A}") = "MyGame", "MyGame\", "{ED77272B-C06F-4BDB-9574-FDC776C82D3F}"
	ProjectSection(WebsiteProperties) = preProject
		TargetFrameworkMoniker = ".NETFramework,Version%3Dv4.7.2"
		Debug.AspNetCompiler.VirtualPath = "/localhost_50326"
		Debug.AspNetCompiler.PhysicalPath = "MyGame\"
		Debug.AspNetCompiler.TargetPath = "PrecompiledWeb\localhost_50326\"
		Debug.AspNetCompiler.Updateable = "true"
		Debug.AspNetCompiler.ForceOverwrite = "true"
		Debug.AspNetCompiler.FixedNames = "false"
		Debug.AspNetCompiler.Debug = "True"
		Release.AspNetCompiler.VirtualPath = "/localhost_50326"
		Release.AspNetCompiler.PhysicalPath = "MyGame\"
		Release.AspNetCompiler.TargetPath = "PrecompiledWeb\localhost_50326\"
		Release.AspNetCompiler.Updateable = "true"
		Release.AspNetCompiler.ForceOverwrite = "true"
		Release.AspNetCompiler.FixedNames = "false"
		Release.AspNetCompiler.Debug = "False"
		VWDPort = "50326"
		SlnRelativePath = "MyGame\"
		DefaultWebSiteLanguage = "Visual C#"
	EndProjectSection
EndProject
Global
	GlobalSection(SolutionConfigurationPlatforms) = preSolution
		Debug|Any CPU = Debug|Any CPU
	EndGlobalSection
	GlobalSection(ProjectConfigurationPlatforms) = postSolution
		{ED77272B-C06F-4BDB-9574-FDC776C82D3F}.Debug|Any CPU.ActiveCfg = Debug|Any CPU
		{ED77272B-C06F-4BDB-9574-FDC776C82D3F}.Debug|Any CPU.Build.0 = Debug|Any CPU
	EndGlobalSection
	GlobalSection(SolutionProperties) = preSolution
		HideSolutionNode = FALSE
	EndGlobalSection
	GlobalSection(ExtensibilityGlobals) = postSolution
		SolutionGuid = {3DA8D42B-018F-404E-AA76-F2FA10FC0353}
	EndGlobalSection
EndGlobal
